
Microsoft Visual Studio Solution File, Format Version 12.00
# Visual Studio Version 16
VisualStudioVersion = 16.0.31205.134
MinimumVisualStudioVersion = 10.0.40219.1
Project("{FAE04EC0-301F-11D3-BF4B-00C04F79EFBC}") = "CeVIOAIHttpServer", "CeVIOServer\CeVIOAIHttpServer.csproj", "{1756CBDA-DB30-4DE2-90E8-6DA51C31F708}"
EndProject
Project("{FAE04EC0-301F-11D3-BF4B-00C04F79EFBC}") = "CeVIOServerExecute", "CeVIOServerExecute\CeVIOServerExecute.csproj", "{C82E8C26-9AAF-4853-9BFC-5B5A4BBD8885}"
EndProject
Global
	GlobalSection(SolutionConfigurationPlatforms) = preSolution
		Debug|Any CPU = Debug|Any CPU
		Release|Any CPU = Release|Any CPU
	EndGlobalSection
	GlobalSection(ProjectConfigurationPlatforms) = postSolution
		{1756CBDA-DB30-4DE2-90E8-6DA51C31F708}.Debug|Any CPU.ActiveCfg = Debug|Any CPU
		{1756CBDA-DB30-4DE2-90E8-6DA51C31F708}.Debug|Any CPU.Build.0 = Debug|Any CPU
		{1756CBDA-DB30-4DE2-90E8-6DA51C31F708}.Release|Any CPU.ActiveCfg = Release|Any CPU
		{1756CBDA-DB30-4DE2-90E8-6DA51C31F708}.Release|Any CPU.Build.0 = Release|Any CPU
		{C82E8C26-9AAF-4853-9BFC-5B5A4BBD8885}.Debug|Any CPU.ActiveCfg = Debug|Any CPU
		{C82E8C26-9AAF-4853-9BFC-5B5A4BBD8885}.Debug|Any CPU.Build.0 = Debug|Any CPU
		{C82E8C26-9AAF-4853-9BFC-5B5A4BBD8885}.Release|Any CPU.ActiveCfg = Release|Any CPU
		{C82E8C26-9AAF-4853-9BFC-5B5A4BBD8885}.Release|Any CPU.Build.0 = Release|Any CPU
	EndGlobalSection
	GlobalSection(SolutionProperties) = preSolution
		HideSolutionNode = FALSE
	EndGlobalSection
	GlobalSection(ExtensibilityGlobals) = postSolution
		SolutionGuid = {6540D80E-68B0-430E-97D8-DBEF7E5C431A}
	EndGlobalSection
EndGlobal
